
Microsoft Visual Studio Solution File, Format Version 12.00
# Visual Studio Version 16
VisualStudioVersion = 16.0.31729.503
MinimumVisualStudioVersion = 10.0.40219.1
Project("{9A19103F-16F7-4668-BE54-9A1E7A4F7556}") = "MongoDBCacheApp", "ConsoleApp1\MongoDBCacheApp.csproj", "{203D88D6-E27A-4664-A3B2-7742DB98B314}"
EndProject
Project("{9A19103F-16F7-4668-BE54-9A1E7A4F7556}") = "MongoDBQueryCache", "MongoDBQueryCache\MongoDBQueryCache.csproj", "{A0CF86B5-08CD-4FB5-ABFC-009CD549E7EC}"
EndProject
Project("{FAE04EC0-301F-11D3-BF4B-00C04F79EFBC}") = "TestProject1", "TestProject1\TestProject1.csproj", "{5D6F9BCB-7534-49C3-AB55-CCACA7DB190D}"
EndProject
Global
	GlobalSection(SolutionConfigurationPlatforms) = preSolution
		Debug|Any CPU = Debug|Any CPU
		Release|Any CPU = Release|Any CPU
	EndGlobalSection
	GlobalSection(ProjectConfigurationPlatforms) = postSolution
		{203D88D6-E27A-4664-A3B2-7742DB98B314}.Debug|Any CPU.ActiveCfg = Debug|Any CPU
		{203D88D6-E27A-4664-A3B2-7742DB98B314}.Debug|Any CPU.Build.0 = Debug|Any CPU
		{203D88D6-E27A-4664-A3B2-7742DB98B314}.Release|Any CPU.ActiveCfg = Release|Any CPU
		{203D88D6-E27A-4664-A3B2-7742DB98B314}.Release|Any CPU.Build.0 = Release|Any CPU
		{A0CF86B5-08CD-4FB5-ABFC-009CD549E7EC}.Debug|Any CPU.ActiveCfg = Debug|Any CPU
		{A0CF86B5-08CD-4FB5-ABFC-009CD549E7EC}.Debug|Any CPU.Build.0 = Debug|Any CPU
		{A0CF86B5-08CD-4FB5-ABFC-009CD549E7EC}.Release|Any CPU.ActiveCfg = Release|Any CPU
		{A0CF86B5-08CD-4FB5-ABFC-009CD549E7EC}.Release|Any CPU.Build.0 = Release|Any CPU
		{5D6F9BCB-7534-49C3-AB55-CCACA7DB190D}.Debug|Any CPU.ActiveCfg = Debug|Any CPU
		{5D6F9BCB-7534-49C3-AB55-CCACA7DB190D}.Debug|Any CPU.Build.0 = Debug|Any CPU
		{5D6F9BCB-7534-49C3-AB55-CCACA7DB190D}.Release|Any CPU.ActiveCfg = Release|Any CPU
		{5D6F9BCB-7534-49C3-AB55-CCACA7DB190D}.Release|Any CPU.Build.0 = Release|Any CPU
	EndGlobalSection
	GlobalSection(SolutionProperties) = preSolution
		HideSolutionNode = FALSE
	EndGlobalSection
	GlobalSection(ExtensibilityGlobals) = postSolution
		SolutionGuid = {757630DE-0AF0-4B5D-878E-CDECA86EF1E9}
	EndGlobalSection
EndGlobal
